Microsoft Visual Studio Solution File, Format Version 12.00
# Visual Studio Version 17
VisualStudioVersion = 17.6.33829.357
MinimumVisualStudioVersion = 10.0.40219.1
Project("{803FD0C6-D64E-4E16-9DC3-1DAEC859A3D2}") = "SD-drive", "SD-drive\SD-drive.vgdbproj", "{A8B34A44-6306-4362-8652-C3D33B28F226}"
EndProject
Project("{803FD0C6-D64E-4E16-9DC3-1DAEC859A3D2}") = "SD-Drive-Test", "SD-Drive-Test\SD-Drive-Test.vgdbproj", "{7CF4C8D5-1264-40F0-825A-FAA8EACC7B6A}"
EndProject
Global
	GlobalSection(SolutionConfigurationPlatforms) = preSolution
		Debug|Arduino_Mega_or_Mega_2560 = Debug|Arduino_Mega_or_Mega_2560
		Debug|Raspberry_Pi_Pico = Debug|Raspberry_Pi_Pico
		Release|Arduino_Mega_or_Mega_2560 = Release|Arduino_Mega_or_Mega_2560
		Release|Raspberry_Pi_Pico = Release|Raspberry_Pi_Pico
	EndGlobalSection
	GlobalSection(ProjectConfigurationPlatforms) = postSolution
		{A8B34A44-6306-4362-8652-C3D33B28F226}.Debug|Arduino_Mega_or_Mega_2560.ActiveCfg = Debug|Arduino_Mega_or_Mega_2560
		{A8B34A44-6306-4362-8652-C3D33B28F226}.Debug|Arduino_Mega_or_Mega_2560.Build.0 = Debug|Arduino_Mega_or_Mega_2560
		{A8B34A44-6306-4362-8652-C3D33B28F226}.Debug|Raspberry_Pi_Pico.ActiveCfg = Debug|Raspberry_Pi_Pico
		{A8B34A44-6306-4362-8652-C3D33B28F226}.Debug|Raspberry_Pi_Pico.Build.0 = Debug|Raspberry_Pi_Pico
		{A8B34A44-6306-4362-8652-C3D33B28F226}.Release|Arduino_Mega_or_Mega_2560.ActiveCfg = Release|Arduino_Mega_or_Mega_2560
		{A8B34A44-6306-4362-8652-C3D33B28F226}.Release|Arduino_Mega_or_Mega_2560.Build.0 = Release|Arduino_Mega_or_Mega_2560
		{A8B34A44-6306-4362-8652-C3D33B28F226}.Release|Raspberry_Pi_Pico.ActiveCfg = Release|Raspberry_Pi_Pico
		{A8B34A44-6306-4362-8652-C3D33B28F226}.Release|Raspberry_Pi_Pico.Build.0 = Release|Raspberry_Pi_Pico
		{7CF4C8D5-1264-40F0-825A-FAA8EACC7B6A}.Debug|Arduino_Mega_or_Mega_2560.ActiveCfg = Debug|Raspberry_Pi_Pico
		{7CF4C8D5-1264-40F0-825A-FAA8EACC7B6A}.Debug|Arduino_Mega_or_Mega_2560.Build.0 = Debug|Raspberry_Pi_Pico
		{7CF4C8D5-1264-40F0-825A-FAA8EACC7B6A}.Debug|Raspberry_Pi_Pico.ActiveCfg = Debug|Raspberry_Pi_Pico
		{7CF4C8D5-1264-40F0-825A-FAA8EACC7B6A}.Debug|Raspberry_Pi_Pico.Build.0 = Debug|Raspberry_Pi_Pico
		{7CF4C8D5-1264-40F0-825A-FAA8EACC7B6A}.Release|Arduino_Mega_or_Mega_2560.ActiveCfg = Release|Raspberry_Pi_Pico
		{7CF4C8D5-1264-40F0-825A-FAA8EACC7B6A}.Release|Arduino_Mega_or_Mega_2560.Build.0 = Release|Raspberry_Pi_Pico
		{7CF4C8D5-1264-40F0-825A-FAA8EACC7B6A}.Release|Raspberry_Pi_Pico.ActiveCfg = Release|Raspberry_Pi_Pico
		{7CF4C8D5-1264-40F0-825A-FAA8EACC7B6A}.Release|Raspberry_Pi_Pico.Build.0 = Release|Raspberry_Pi_Pico
	EndGlobalSection
	GlobalSection(SolutionProperties) = preSolution
		HideSolutionNode = FALSE
	EndGlobalSection
	GlobalSection(ExtensibilityGlobals) = postSolution
		SolutionGuid = {82BC2454-2B4C-4A0F-B2A9-834008977600}
	EndGlobalSection
EndGlobal
