Microsoft Visual Studio Solution File, Format Version 12.00
# Visual Studio Version 17
VisualStudioVersion = 17.6.33829.357
MinimumVisualStudioVersion = 10.0.40219.1
Project("{803FD0C6-D64E-4E16-9DC3-1DAEC859A3D2}") = "SD-drive", "SD-drive\SD-drive.vgdbproj", "{A8B34A44-6306-4362-8652-C3D33B28F226}"
EndProject
Project("{803FD0C6-D64E-4E16-9DC3-1DAEC859A3D2}") = "SD-Drive-Test", "SD-Drive-Test\SD-Drive-Test.vgdbproj", "{7CF4C8D5-1264-40F0-825A-FAA8EACC7B6A}"
EndProject
Project("{803FD0C6-D64E-4E16-9DC3-1DAEC859A3D2}") = "IO-Test-Server", "IO-Test-Server\IO-Test-Server.vgdbproj", "{BFBD6D47-1745-4B7C-B3B1-47D62CCD4FC2}"
EndProject
Project("{803FD0C6-D64E-4E16-9DC3-1DAEC859A3D2}") = "IO-Test-Client", "IO-Test-Client\IO-Test-Client.vgdbproj", "{CDFD06BD-A1C3-49A9-B1E0-B47776544FC7}"
EndProject
Project("{2150E333-8FDC-42A3-9474-1A3956D46DE8}") = "IO-Test", "IO-Test", "{00CAA4ED-7686-4614-BAFB-271E7A73860D}"
EndProject
Global
	GlobalSection(SolutionConfigurationPlatforms) = preSolution
		Debug|Arduino_Mega_or_Mega_2560 = Debug|Arduino_Mega_or_Mega_2560
		Debug|Raspberry_Pi_Pico = Debug|Raspberry_Pi_Pico
		Release|Arduino_Mega_or_Mega_2560 = Release|Arduino_Mega_or_Mega_2560
		Release|Raspberry_Pi_Pico = Release|Raspberry_Pi_Pico
	EndGlobalSection
	GlobalSection(ProjectConfigurationPlatforms) = postSolution
		{A8B34A44-6306-4362-8652-C3D33B28F226}.Debug|Arduino_Mega_or_Mega_2560.ActiveCfg = Debug|Arduino_Mega_or_Mega_2560
		{A8B34A44-6306-4362-8652-C3D33B28F226}.Debug|Arduino_Mega_or_Mega_2560.Build.0 = Debug|Arduino_Mega_or_Mega_2560
		{A8B34A44-6306-4362-8652-C3D33B28F226}.Debug|Raspberry_Pi_Pico.ActiveCfg = Debug|Raspberry_Pi_Pico
		{A8B34A44-6306-4362-8652-C3D33B28F226}.Debug|Raspberry_Pi_Pico.Build.0 = Debug|Raspberry_Pi_Pico
		{A8B34A44-6306-4362-8652-C3D33B28F226}.Release|Arduino_Mega_or_Mega_2560.ActiveCfg = Release|Arduino_Mega_or_Mega_2560
		{A8B34A44-6306-4362-8652-C3D33B28F226}.Release|Arduino_Mega_or_Mega_2560.Build.0 = Release|Arduino_Mega_or_Mega_2560
		{A8B34A44-6306-4362-8652-C3D33B28F226}.Release|Raspberry_Pi_Pico.ActiveCfg = Release|Raspberry_Pi_Pico
		{A8B34A44-6306-4362-8652-C3D33B28F226}.Release|Raspberry_Pi_Pico.Build.0 = Release|Raspberry_Pi_Pico
		{7CF4C8D5-1264-40F0-825A-FAA8EACC7B6A}.Debug|Arduino_Mega_or_Mega_2560.ActiveCfg = Debug|Raspberry_Pi_Pico
		{7CF4C8D5-1264-40F0-825A-FAA8EACC7B6A}.Debug|Arduino_Mega_or_Mega_2560.Build.0 = Debug|Raspberry_Pi_Pico
		{7CF4C8D5-1264-40F0-825A-FAA8EACC7B6A}.Debug|Raspberry_Pi_Pico.ActiveCfg = Debug|Raspberry_Pi_Pico
		{7CF4C8D5-1264-40F0-825A-FAA8EACC7B6A}.Debug|Raspberry_Pi_Pico.Build.0 = Debug|Raspberry_Pi_Pico
		{7CF4C8D5-1264-40F0-825A-FAA8EACC7B6A}.Release|Arduino_Mega_or_Mega_2560.ActiveCfg = Release|Arduino_Mega_or_Mega_2560
		{7CF4C8D5-1264-40F0-825A-FAA8EACC7B6A}.Release|Arduino_Mega_or_Mega_2560.Build.0 = Release|Arduino_Mega_or_Mega_2560
		{7CF4C8D5-1264-40F0-825A-FAA8EACC7B6A}.Release|Raspberry_Pi_Pico.ActiveCfg = Release|Raspberry_Pi_Pico
		{7CF4C8D5-1264-40F0-825A-FAA8EACC7B6A}.Release|Raspberry_Pi_Pico.Build.0 = Release|Raspberry_Pi_Pico
		{BFBD6D47-1745-4B7C-B3B1-47D62CCD4FC2}.Debug|Arduino_Mega_or_Mega_2560.ActiveCfg = Debug|Arduino_Nano
		{BFBD6D47-1745-4B7C-B3B1-47D62CCD4FC2}.Debug|Arduino_Mega_or_Mega_2560.Build.0 = Debug|Arduino_Nano
		{BFBD6D47-1745-4B7C-B3B1-47D62CCD4FC2}.Debug|Raspberry_Pi_Pico.ActiveCfg = Debug|Arduino_Nano
		{BFBD6D47-1745-4B7C-B3B1-47D62CCD4FC2}.Debug|Raspberry_Pi_Pico.Build.0 = Debug|Arduino_Nano
		{BFBD6D47-1745-4B7C-B3B1-47D62CCD4FC2}.Release|Arduino_Mega_or_Mega_2560.ActiveCfg = Release|Arduino_Nano
		{BFBD6D47-1745-4B7C-B3B1-47D62CCD4FC2}.Release|Arduino_Mega_or_Mega_2560.Build.0 = Release|Arduino_Nano
		{BFBD6D47-1745-4B7C-B3B1-47D62CCD4FC2}.Release|Raspberry_Pi_Pico.ActiveCfg = Release|Arduino_Nano
		{BFBD6D47-1745-4B7C-B3B1-47D62CCD4FC2}.Release|Raspberry_Pi_Pico.Build.0 = Release|Arduino_Nano
		{CDFD06BD-A1C3-49A9-B1E0-B47776544FC7}.Debug|Arduino_Mega_or_Mega_2560.ActiveCfg = Debug|Arduino_Mega_or_Mega_2560
		{CDFD06BD-A1C3-49A9-B1E0-B47776544FC7}.Debug|Arduino_Mega_or_Mega_2560.Build.0 = Debug|Arduino_Mega_or_Mega_2560
		{CDFD06BD-A1C3-49A9-B1E0-B47776544FC7}.Debug|Raspberry_Pi_Pico.ActiveCfg = Debug|Raspberry_Pi_Pico
		{CDFD06BD-A1C3-49A9-B1E0-B47776544FC7}.Debug|Raspberry_Pi_Pico.Build.0 = Debug|Raspberry_Pi_Pico
		{CDFD06BD-A1C3-49A9-B1E0-B47776544FC7}.Release|Arduino_Mega_or_Mega_2560.ActiveCfg = Release|Arduino_Mega_or_Mega_2560
		{CDFD06BD-A1C3-49A9-B1E0-B47776544FC7}.Release|Arduino_Mega_or_Mega_2560.Build.0 = Release|Arduino_Mega_or_Mega_2560
		{CDFD06BD-A1C3-49A9-B1E0-B47776544FC7}.Release|Raspberry_Pi_Pico.ActiveCfg = Release|Raspberry_Pi_Pico
		{CDFD06BD-A1C3-49A9-B1E0-B47776544FC7}.Release|Raspberry_Pi_Pico.Build.0 = Release|Raspberry_Pi_Pico
	EndGlobalSection
	GlobalSection(SolutionProperties) = preSolution
		HideSolutionNode = FALSE
	EndGlobalSection
	GlobalSection(NestedProjects) = preSolution
		{BFBD6D47-1745-4B7C-B3B1-47D62CCD4FC2} = {00CAA4ED-7686-4614-BAFB-271E7A73860D}
		{CDFD06BD-A1C3-49A9-B1E0-B47776544FC7} = {00CAA4ED-7686-4614-BAFB-271E7A73860D}
	EndGlobalSection
	GlobalSection(ExtensibilityGlobals) = postSolution
		SolutionGuid = {82BC2454-2B4C-4A0F-B2A9-834008977600}
	EndGlobalSection
EndGlobal
